// !$*UTF8*$!
{
	archiveVersion = 1;
	classes = {
	};
	objectVersion = 50;
	objects = {

/* Begin PBXBuildFile section */
		B485C5AE25D6686C00B25919 /* AppDelegate.swift in Sources */ = {isa = PBXBuildFile; fileRef = B485C5AD25D6686C00B25919 /* AppDelegate.swift */; };
		B485C5B025D6686C00B25919 /* SceneDelegate.swift in Sources */ = {isa = PBXBuildFile; fileRef = B485C5AF25D6686C00B25919 /* SceneDelegate.swift */; };
		B485C5B225D6686C00B25919 /* ViewController.swift in Sources */ = {isa = PBXBuildFile; fileRef = B485C5B125D6686C00B25919 /* ViewController.swift */; };
		B485C5B525D6686C00B25919 /* Main.storyboard in Resources */ = {isa = PBXBuildFile; fileRef = B485C5B325D6686C00B25919 /* Main.storyboard */; };
		B485C5B725D6686E00B25919 /* Assets.xcassets in Resources */ = {isa = PBXBuildFile; fileRef = B485C5B625D6686E00B25919 /* Assets.xcassets */; };
		B485C5BA25D6686E00B25919 /* LaunchScreen.storyboard in Resources */ = {isa = PBXBuildFile; fileRef = B485C5B825D6686E00B25919 /* LaunchScreen.storyboard */; };
		B485C5C925D6695400B25919 /* Media.xcassets in Resources */ = {isa = PBXBuildFile; fileRef = B485C5C825D6695400B25919 /* Media.xcassets */; };
		B485C5CB25D6695400B25919 /* ActionViewController.swift in Sources */ = {isa = PBXBuildFile; fileRef = B485C5CA25D6695400B25919 /* ActionViewController.swift */; };
		B485C5CE25D6695400B25919 /* MainInterface.storyboard in Resources */ = {isa = PBXBuildFile; fileRef = B485C5CC25D6695400B25919 /* MainInterface.storyboard */; };
		B485C5D225D6695400B25919 /* Extension.appex in Embed App Extensions */ = {isa = PBXBuildFile; fileRef = B485C5C625D6695400B25919 /* Extension.appex */; settings = {ATTRIBUTES = (RemoveHeadersOnCopy, ); }; };
		B485C5DA25D66BAC00B25919 /* Action.js in Resources */ = {isa = PBXBuildFile; fileRef = B485C5D925D66BAC00B25919 /* Action.js */; };
/* End PBXBuildFile section */

/* Begin PBXContainerItemProxy section */
		B485C5D025D6695400B25919 /* PBXContainerItemProxy */ = {
			isa = PBXContainerItemProxy;
			containerPortal = B485C5A225D6686C00B25919 /* Project object */;
			proxyType = 1;
			remoteGlobalIDString = B485C5C525D6695400B25919;
			remoteInfo = Extension;
		};
/* End PBXContainerItemProxy section */

/* Begin PBXCopyFilesBuildPhase section */
		B485C5D625D6695400B25919 /* Embed App Extensions */ = {
			isa = PBXCopyFilesBuildPhase;
			buildActionMask = 2147483647;
			dstPath = "";
			dstSubfolderSpec = 13;
			files = (
				B485C5D225D6695400B25919 /* Extension.appex in Embed App Extensions */,
			);
			name = "Embed App Extensions";
			runOnlyForDeploymentPostprocessing = 0;
		};
/* End PBXCopyFilesBuildPhase section */

/* Begin PBXFileReference section */
		B485C5AA25D6686C00B25919 /* Project19.app */ = {isa = PBXFileReference; explicitFileType = wrapper.application; includeInIndex = 0; path = Project19.app; sourceTree = BUILT_PRODUCTS_DIR; };
		B485C5AD25D6686C00B25919 /* AppDelegate.swift */ = {isa = PBXFileReference; lastKnownFileType = sourcecode.swift; path = AppDelegate.swift; sourceTree = "<group>"; };
		B485C5AF25D6686C00B25919 /* SceneDelegate.swift */ = {isa = PBXFileReference; lastKnownFileType = sourcecode.swift; path = SceneDelegate.swift; sourceTree = "<group>"; };
		B485C5B125D6686C00B25919 /* ViewController.swift */ = {isa = PBXFileReference; lastKnownFileType = sourcecode.swift; path = ViewController.swift; sourceTree = "<group>"; };
		B485C5B425D6686C00B25919 /* Base */ = {isa = PBXFileReference; lastKnownFileType = file.storyboard; name = Base; path = Base.lproj/Main.storyboard; sourceTree = "<group>"; };
		B485C5B625D6686E00B25919 /* Assets.xcassets */ = {isa = PBXFileReference; lastKnownFileType = folder.assetcatalog; path = Assets.xcassets; sourceTree = "<group>"; };
		B485C5B925D6686E00B25919 /* Base */ = {isa = PBXFileReference; lastKnownFileType = file.storyboard; name = Base; path = Base.lproj/LaunchScreen.storyboard; sourceTree = "<group>"; };
		B485C5BB25D6686E00B25919 /* Info.plist */ = {isa = PBXFileReference; lastKnownFileType = text.plist.xml; path = Info.plist; sourceTree = "<group>"; };
		B485C5C625D6695400B25919 /* Extension.appex */ = {isa = PBXFileReference; explicitFileType = "wrapper.app-extension"; includeInIndex = 0; path = Extension.appex; sourceTree = BUILT_PRODUCTS_DIR; };
		B485C5C825D6695400B25919 /* Media.xcassets */ = {isa = PBXFileReference; lastKnownFileType = folder.assetcatalog; path = Media.xcassets; sourceTree = "<group>"; };
		B485C5CA25D6695400B25919 /* ActionViewController.swift */ = {isa = PBXFileReference; lastKnownFileType = sourcecode.swift; path = ActionViewController.swift; sourceTree = "<group>"; };
		B485C5CD25D6695400B25919 /* Base */ = {isa = PBXFileReference; lastKnownFileType = file.storyboard; name = Base; path = Base.lproj/MainInterface.storyboard; sourceTree = "<group>"; };
		B485C5CF25D6695400B25919 /* Info.plist */ = {isa = PBXFileReference; lastKnownFileType = text.plist.xml; path = Info.plist; sourceTree = "<group>"; };
		B485C5D925D66BAC00B25919 /* Action.js */ = {isa = PBXFileReference; lastKnownFileType = sourcecode.javascript; path = Action.js; sourceTree = "<group>"; };
/* End PBXFileReference section */

/* Begin PBXFrameworksBuildPhase section */
		B485C5A725D6686C00B25919 /* Frameworks */ = {
			isa = PBXFrameworksBuildPhase;
			buildActionMask = 2147483647;
			files = (
			);
			runOnlyForDeploymentPostprocessing = 0;
		};
		B485C5C325D6695400B25919 /* Frameworks */ = {
			isa = PBXFrameworksBuildPhase;
			buildActionMask = 2147483647;
			files = (
			);
			runOnlyForDeploymentPostprocessing = 0;
		};
/* End PBXFrameworksBuildPhase section */

/* Begin PBXGroup section */
		B485C5A125D6686C00B25919 = {
			isa = PBXGroup;
			children = (
				B485C5AC25D6686C00B25919 /* Project19 */,
				B485C5C725D6695400B25919 /* Extension */,
				B485C5AB25D6686C00B25919 /* Products */,
			);
			sourceTree = "<group>";
		};
		B485C5AB25D6686C00B25919 /* Products */ = {
			isa = PBXGroup;
			children = (
				B485C5AA25D6686C00B25919 /* Project19.app */,
				B485C5C625D6695400B25919 /* Extension.appex */,
			);
			name = Products;
			sourceTree = "<group>";
		};
		B485C5AC25D6686C00B25919 /* Project19 */ = {
			isa = PBXGroup;
			children = (
				B485C5AD25D6686C00B25919 /* AppDelegate.swift */,
				B485C5AF25D6686C00B25919 /* SceneDelegate.swift */,
				B485C5B125D6686C00B25919 /* ViewController.swift */,
				B485C5B325D6686C00B25919 /* Main.storyboard */,
				B485C5B625D6686E00B25919 /* Assets.xcassets */,
				B485C5B825D6686E00B25919 /* LaunchScreen.storyboard */,
				B485C5BB25D6686E00B25919 /* Info.plist */,
			);
			path = Project19;
			sourceTree = "<group>";
		};
		B485C5C725D6695400B25919 /* Extension */ = {
			isa = PBXGroup;
			children = (
				B485C5C825D6695400B25919 /* Media.xcassets */,
				B485C5CA25D6695400B25919 /* ActionViewController.swift */,
				B485C5CC25D6695400B25919 /* MainInterface.storyboard */,
				B485C5CF25D6695400B25919 /* Info.plist */,
				B485C5D925D66BAC00B25919 /* Action.js */,
			);
			path = Extension;
			sourceTree = "<group>";
		};
/* End PBXGroup section */

/* Begin PBXNativeTarget section */
		B485C5A925D6686C00B25919 /* Project19 */ = {
			isa = PBXNativeTarget;
			buildConfigurationList = B485C5BE25D6686E00B25919 /* Build configuration list for PBXNativeTarget "Project19" */;
			buildPhases = (
				B485C5A625D6686C00B25919 /* Sources */,
				B485C5A725D6686C00B25919 /* Frameworks */,
				B485C5A825D6686C00B25919 /* Resources */,
				B485C5D625D6695400B25919 /* Embed App Extensions */,
			);
			buildRules = (
			);
			dependencies = (
				B485C5D125D6695400B25919 /* PBXTargetDependency */,
			);
			name = Project19;
			productName = Project19;
			productReference = B485C5AA25D6686C00B25919 /* Project19.app */;
			productType = "com.apple.product-type.application";
		};
		B485C5C525D6695400B25919 /* Extension */ = {
			isa = PBXNativeTarget;
			buildConfigurationList = B485C5D325D6695400B25919 /* Build configuration list for PBXNativeTarget "Extension" */;
			buildPhases = (
				B485C5C225D6695400B25919 /* Sources */,
				B485C5C325D6695400B25919 /* Frameworks */,
				B485C5C425D6695400B25919 /* Resources */,
			);
			buildRules = (
			);
			dependencies = (
			);
			name = Extension;
			productName = Extension;
			productReference = B485C5C625D6695400B25919 /* Extension.appex */;
			productType = "com.apple.product-type.app-extension";
		};
/* End PBXNativeTarget section */

/* Begin PBXProject section */
		B485C5A225D6686C00B25919 /* Project object */ = {
			isa = PBXProject;
			attributes = {
				LastSwiftUpdateCheck = 1240;
				LastUpgradeCheck = 1240;
				TargetAttributes = {
					B485C5A925D6686C00B25919 = {
						CreatedOnToolsVersion = 12.4;
					};
					B485C5C525D6695400B25919 = {
						CreatedOnToolsVersion = 12.4;
					};
				};
			};
			buildConfigurationList = B485C5A525D6686C00B25919 /* Build configuration list for PBXProject "Project19" */;
			compatibilityVersion = "Xcode 9.3";
			developmentRegion = en;
			hasScannedForEncodings = 0;
			knownRegions = (
				en,
				Base,
			);
			mainGroup = B485C5A125D6686C00B25919;
			productRefGroup = B485C5AB25D6686C00B25919 /* Products */;
			projectDirPath = "";
			projectRoot = "";
			targets = (
				B485C5A925D6686C00B25919 /* Project19 */,
				B485C5C525D6695400B25919 /* Extension */,
			);
		};
/* End PBXProject section */

/* Begin PBXResourcesBuildPhase section */
		B485C5A825D6686C00B25919 /* Resources */ = {
			isa = PBXResourcesBuildPhase;
			buildActionMask = 2147483647;
			files = (
				B485C5BA25D6686E00B25919 /* LaunchScreen.storyboard in Resources */,
				B485C5B725D6686E00B25919 /* Assets.xcassets in Resources */,
				B485C5B525D6686C00B25919 /* Main.storyboard in Resources */,
			);
			runOnlyForDeploymentPostprocessing = 0;
		};
		B485C5C425D6695400B25919 /* Resources */ = {
			isa = PBXResourcesBuildPhase;
			buildActionMask = 2147483647;
			files = (
				B485C5DA25D66BAC00B25919 /* Action.js in Resources */,
				B485C5C925D6695400B25919 /* Media.xcassets in Resources */,
				B485C5CE25D6695400B25919 /* MainInterface.storyboard in Resources */,
			);
			runOnlyForDeploymentPostprocessing = 0;
		};
/* End PBXResourcesBuildPhase section */

/* Begin PBXSourcesBuildPhase section */
		B485C5A625D6686C00B25919 /* Sources */ = {
			isa = PBXSourcesBuildPhase;
			buildActionMask = 2147483647;
			files = (
				B485C5B225D6686C00B25919 /* ViewController.swift in Sources */,
				B485C5AE25D6686C00B25919 /* AppDelegate.swift in Sources */,
				B485C5B025D6686C00B25919 /* SceneDelegate.swift in Sources */,
			);
			runOnlyForDeploymentPostprocessing = 0;
		};
		B485C5C225D6695400B25919 /* Sources */ = {
			isa = PBXSourcesBuildPhase;
			buildActionMask = 2147483647;
			files = (
				B485C5CB25D6695400B25919 /* ActionViewController.swift in Sources */,
			);
			runOnlyForDeploymentPostprocessing = 0;
		};
/* End PBXSourcesBuildPhase section */

/* Begin PBXTargetDependency section */
		B485C5D125D6695400B25919 /* PBXTargetDependency */ = {
			isa = PBXTargetDependency;
			target = B485C5C525D6695400B25919 /* Extension */;
			targetProxy = B485C5D025D6695400B25919 /* PBXContainerItemProxy */;
		};
/* End PBXTargetDependency section */

/* Begin PBXVariantGroup section */
		B485C5B325D6686C00B25919 /* Main.storyboard */ = {
			isa = PBXVariantGroup;
			children = (
				B485C5B425D6686C00B25919 /* Base */,
			);
			name = Main.storyboard;
			sourceTree = "<group>";
		};
		B485C5B825D6686E00B25919 /* LaunchScreen.storyboard */ = {
			isa = PBXVariantGroup;
			children = (
				B485C5B925D6686E00B25919 /* Base */,
			);
			name = LaunchScreen.storyboard;
			sourceTree = "<group>";
		};
		B485C5CC25D6695400B25919 /* MainInterface.storyboard */ = {
			isa = PBXVariantGroup;
			children = (
				B485C5CD25D6695400B25919 /* Base */,
			);
			name = MainInterface.storyboard;
			sourceTree = "<group>";
		};
/* End PBXVariantGroup section */

/* Begin XCBuildConfiguration section */
		B485C5BC25D6686E00B25919 /* Debug */ = {
			isa = XCBuildConfiguration;
			buildSettings = {
				ALWAYS_SEARCH_USER_PATHS = NO;
				CLANG_ANALYZER_NONNULL = YES;
				CLANG_ANALYZER_NUMBER_OBJECT_CONVERSION = YES_AGGRESSIVE;
				CLANG_CXX_LANGUAGE_STANDARD = "gnu++14";
				CLANG_CXX_LIBRARY = "libc++";
				CLANG_ENABLE_MODULES = YES;
				CLANG_ENABLE_OBJC_ARC = YES;
				CLANG_ENABLE_OBJC_WEAK = YES;
				CLANG_WARN_BLOCK_CAPTURE_AUTORELEASING = YES;
				CLANG_WARN_BOOL_CONVERSION = YES;
				CLANG_WARN_COMMA = YES;
				CLANG_WARN_CONSTANT_CONVERSION = YES;
				CLANG_WARN_DEPRECATED_OBJC_IMPLEMENTATIONS = YES;
				CLANG_WARN_DIRECT_OBJC_ISA_USAGE = YES_ERROR;
				CLANG_WARN_DOCUMENTATION_COMMENTS = YES;
				CLANG_WARN_EMPTY_BODY = YES;
				CLANG_WARN_ENUM_CONVERSION = YES;
				CLANG_WARN_INFINITE_RECURSION = YES;
				CLANG_WARN_INT_CONVERSION = YES;
				CLANG_WARN_NON_LITERAL_NULL_CONVERSION = YES;
				CLANG_WARN_OBJC_IMPLICIT_RETAIN_SELF = YES;
				CLANG_WARN_OBJC_LITERAL_CONVERSION = YES;
				CLANG_WARN_OBJC_ROOT_CLASS = YES_ERROR;
				CLANG_WARN_QUOTED_INCLUDE_IN_FRAMEWORK_HEADER = YES;
				CLANG_WARN_RANGE_LOOP_ANALYSIS = YES;
				CLANG_WARN_STRICT_PROTOTYPES = YES;
				CLANG_WARN_SUSPICIOUS_MOVE = YES;
				CLANG_WARN_UNGUARDED_AVAILABILITY = YES_AGGRESSIVE;
				CLANG_WARN_UNREACHABLE_CODE = YES;
				CLANG_WARN__DUPLICATE_METHOD_MATCH = YES;
				COPY_PHASE_STRIP = NO;
				DEBUG_INFORMATION_FORMAT = dwarf;
				ENABLE_STRICT_OBJC_MSGSEND = YES;
				ENABLE_TESTABILITY = YES;
				GCC_C_LANGUAGE_STANDARD = gnu11;
				GCC_DYNAMIC_NO_PIC = NO;
				GCC_NO_COMMON_BLOCKS = YES;
				GCC_OPTIMIZATION_LEVEL = 0;
				GCC_PREPROCESSOR_DEFINITIONS = (
					"DEBUG=1",
					"$(inherited)",
				);
				GCC_WARN_64_TO_32_BIT_CONVERSION = YES;
				GCC_WARN_ABOUT_RETURN_TYPE = YES_ERROR;
				GCC_WARN_UNDECLARED_SELECTOR = YES;
				GCC_WARN_UNINITIALIZED_AUTOS = YES_AGGRESSIVE;
				GCC_WARN_UNUSED_FUNCTION = YES;
				GCC_WARN_UNUSED_VARIABLE = YES;
				IPHONEOS_DEPLOYMENT_TARGET = 14.4;
				MTL_ENABLE_DEBUG_INFO = INCLUDE_SOURCE;
				MTL_FAST_MATH = YES;
				ONLY_ACTIVE_ARCH = YES;
				SDKROOT = iphoneos;
				SWIFT_ACTIVE_COMPILATION_CONDITIONS = DEBUG;
				SWIFT_OPTIMIZATION_LEVEL = "-Onone";
			};
			name = Debug;
		};
		B485C5BD25D6686E00B25919 /* Release */ = {
			isa = XCBuildConfiguration;
			buildSettings = {
				ALWAYS_SEARCH_USER_PATHS = NO;
				CLANG_ANALYZER_NONNULL = YES;
				CLANG_ANALYZER_NUMBER_OBJECT_CONVERSION = YES_AGGRESSIVE;
				CLANG_CXX_LANGUAGE_STANDARD = "gnu++14";
				CLANG_CXX_LIBRARY = "libc++";
				CLANG_ENABLE_MODULES = YES;
				CLANG_ENABLE_OBJC_ARC = YES;
				CLANG_ENABLE_OBJC_WEAK = YES;
				CLANG_WARN_BLOCK_CAPTURE_AUTORELEASING = YES;
				CLANG_WARN_BOOL_CONVERSION = YES;
				CLANG_WARN_COMMA = YES;
				CLANG_WARN_CONSTANT_CONVERSION = YES;
				CLANG_WARN_DEPRECATED_OBJC_IMPLEMENTATIONS = YES;
				CLANG_WARN_DIRECT_OBJC_ISA_USAGE = YES_ERROR;
				CLANG_WARN_DOCUMENTATION_COMMENTS = YES;
				CLANG_WARN_EMPTY_BODY = YES;
				CLANG_WARN_ENUM_CONVERSION = YES;
				CLANG_WARN_INFINITE_RECURSION = YES;
				CLANG_WARN_INT_CONVERSION = YES;
				CLANG_WARN_NON_LITERAL_NULL_CONVERSION = YES;
				CLANG_WARN_OBJC_IMPLICIT_RETAIN_SELF = YES;
				CLANG_WARN_OBJC_LITERAL_CONVERSION = YES;
				CLANG_WARN_OBJC_ROOT_CLASS = YES_ERROR;
				CLANG_WARN_QUOTED_INCLUDE_IN_FRAMEWORK_HEADER = YES;
				CLANG_WARN_RANGE_LOOP_ANALYSIS = YES;
				CLANG_WARN_STRICT_PROTOTYPES = YES;
				CLANG_WARN_SUSPICIOUS_MOVE = YES;
				CLANG_WARN_UNGUARDED_AVAILABILITY = YES_AGGRESSIVE;
				CLANG_WARN_UNREACHABLE_CODE = YES;
				CLANG_WARN__DUPLICATE_METHOD_MATCH = YES;
				COPY_PHASE_STRIP = NO;
				DEBUG_INFORMATION_FORMAT = "dwarf-with-dsym";
				ENABLE_NS_ASSERTIONS = NO;
				ENABLE_STRICT_OBJC_MSGSEND = YES;
				GCC_C_LANGUAGE_STANDARD = gnu11;
				GCC_NO_COMMON_BLOCKS = YES;
				GCC_WARN_64_TO_32_BIT_CONVERSION = YES;
				GCC_WARN_ABOUT_RETURN_TYPE = YES_ERROR;
				GCC_WARN_UNDECLARED_SELECTOR = YES;
				GCC_WARN_UNINITIALIZED_AUTOS = YES_AGGRESSIVE;
				GCC_WARN_UNUSED_FUNCTION = YES;
				GCC_WARN_UNUSED_VARIABLE = YES;
				IPHONEOS_DEPLOYMENT_TARGET = 14.4;
				MTL_ENABLE_DEBUG_INFO = NO;
				MTL_FAST_MATH = YES;
				SDKROOT = iphoneos;
				SWIFT_COMPILATION_MODE = wholemodule;
				SWIFT_OPTIMIZATION_LEVEL = "-O";
				VALIDATE_PRODUCT = YES;
			};
			name = Release;
		};
		B485C5BF25D6686E00B25919 /* Debug */ = {
			isa = XCBuildConfiguration;
			buildSettings = {
				ALWAYS_EMBED_SWIFT_STANDARD_LIBRARIES = YES;
				ASSETCATALOG_COMPILER_APPICON_NAME = AppIcon;
				ASSETCATALOG_COMPILER_GLOBAL_ACCENT_COLOR_NAME = AccentColor;
				CODE_SIGN_STYLE = Automatic;
				DEVELOPMENT_TEAM = T7M5358433;
				INFOPLIST_FILE = Project19/Info.plist;
				LD_RUNPATH_SEARCH_PATHS = (
					"$(inherited)",
					"@executable_path/Frameworks",
				);
				PRODUCT_BUNDLE_IDENTIFIER = ch.marckramer.Project19;
				PRODUCT_NAME = "$(TARGET_NAME)";
				SWIFT_VERSION = 5.0;
				TARGETED_DEVICE_FAMILY = "1,2";
			};
			name = Debug;
		};
		B485C5C025D6686E00B25919 /* Release */ = {
			isa = XCBuildConfiguration;
			buildSettings = {
				ALWAYS_EMBED_SWIFT_STANDARD_LIBRARIES = YES;
				ASSETCATALOG_COMPILER_APPICON_NAME = AppIcon;
				ASSETCATALOG_COMPILER_GLOBAL_ACCENT_COLOR_NAME = AccentColor;
				CODE_SIGN_STYLE = Automatic;
				DEVELOPMENT_TEAM = T7M5358433;
				INFOPLIST_FILE = Project19/Info.plist;
				LD_RUNPATH_SEARCH_PATHS = (
					"$(inherited)",
					"@executable_path/Frameworks",
				);
				PRODUCT_BUNDLE_IDENTIFIER = ch.marckramer.Project19;
				PRODUCT_NAME = "$(TARGET_NAME)";
				SWIFT_VERSION = 5.0;
				TARGETED_DEVICE_FAMILY = "1,2";
			};
			name = Release;
		};
		B485C5D425D6695400B25919 /* Debug */ = {
			isa = XCBuildConfiguration;
			buildSettings = {
				CODE_SIGN_STYLE = Automatic;
				DEVELOPMENT_TEAM = T7M5358433;
				INFOPLIST_FILE = Extension/Info.plist;
				LD_RUNPATH_SEARCH_PATHS = (
					"$(inherited)",
					"@executable_path/Frameworks",
					"@executable_path/../../Frameworks",
				);
				PRODUCT_BUNDLE_IDENTIFIER = ch.marckramer.Project19.Extension;
				PRODUCT_NAME = "$(TARGET_NAME)";
				SKIP_INSTALL = YES;
				SWIFT_VERSION = 5.0;
				TARGETED_DEVICE_FAMILY = "1,2";
			};
			name = Debug;
		};
		B485C5D525D6695400B25919 /* Release */ = {
			isa = XCBuildConfiguration;
			buildSettings = {
				CODE_SIGN_STYLE = Automatic;
				DEVELOPMENT_TEAM = T7M5358433;
				INFOPLIST_FILE = Extension/Info.plist;
				LD_RUNPATH_SEARCH_PATHS = (
					"$(inherited)",
					"@executable_path/Frameworks",
					"@executable_path/../../Frameworks",
				);
				PRODUCT_BUNDLE_IDENTIFIER = ch.marckramer.Project19.Extension;
				PRODUCT_NAME = "$(TARGET_NAME)";
				SKIP_INSTALL = YES;
				SWIFT_VERSION = 5.0;
				TARGETED_DEVICE_FAMILY = "1,2";
			};
			name = Release;
		};
/* End XCBuildConfiguration section */

/* Begin XCConfigurationList section */
		B485C5A525D6686C00B25919 /* Build configuration list for PBXProject "Project19" */ = {
			isa = XCConfigurationList;
			buildConfigurations = (
				B485C5BC25D6686E00B25919 /* Debug */,
				B485C5BD25D6686E00B25919 /* Release */,
			);
			defaultConfigurationIsVisible = 0;
			defaultConfigurationName = Release;
		};
		B485C5BE25D6686E00B25919 /* Build configuration list for PBXNativeTarget "Project19" */ = {
			isa = XCConfigurationList;
			buildConfigurations = (
				B485C5BF25D6686E00B25919 /* Debug */,
				B485C5C025D6686E00B25919 /* Release */,
			);
			defaultConfigurationIsVisible = 0;
			defaultConfigurationName = Release;
		};
		B485C5D325D6695400B25919 /* Build configuration list for PBXNativeTarget "Extension" */ = {
			isa = XCConfigurationList;
			buildConfigurations = (
				B485C5D425D6695400B25919 /* Debug */,
				B485C5D525D6695400B25919 /* Release */,
			);
			defaultConfigurationIsVisible = 0;
			defaultConfigurationName = Release;
		};
/* End XCConfigurationList section */
	};
	rootObject = B485C5A225D6686C00B25919 /* Project object */;
}
